
Microsoft Visual Studio Solution File, Format Version 12.00
# Visual Studio Version 16
VisualStudioVersion = 16.0.31829.152
MinimumVisualStudioVersion = 10.0.40219.1
Project("{FAE04EC0-301F-11D3-BF4B-00C04F79EFBC}") = "RPCtool", "RPCtool.csproj", "{CFE91922-A7CF-40E0-82E7-1E2236BE8C04}"
EndProject
Global
	GlobalSection(SolutionConfigurationPlatforms) = preSolution
		Debug|Any CPU = Debug|Any CPU
		Release|Any CPU = Release|Any CPU
	EndGlobalSection
	GlobalSection(ProjectConfigurationPlatforms) = postSolution
		{CFE91922-A7CF-40E0-82E7-1E2236BE8C04}.Debug|Any CPU.ActiveCfg = Debug|Any CPU
		{CFE91922-A7CF-40E0-82E7-1E2236BE8C04}.Debug|Any CPU.Build.0 = Debug|Any CPU
		{CFE91922-A7CF-40E0-82E7-1E2236BE8C04}.Release|Any CPU.ActiveCfg = Release|Any CPU
		{CFE91922-A7CF-40E0-82E7-1E2236BE8C04}.Release|Any CPU.Build.0 = Release|Any CPU
	EndGlobalSection
	GlobalSection(SolutionProperties) = preSolution
		HideSolutionNode = FALSE
	EndGlobalSection
	GlobalSection(ExtensibilityGlobals) = postSolution
		SolutionGuid = {AEEAD6B0-6EA8-4B5F-BF68-7B1B490CCBDD}
	EndGlobalSection
EndGlobal
